{
  "name": "baseUniapp",
  "version": "1.0.0",
  "lockfileVersion": 1,
  "requires": true,
  "dependencies": {
    "decode-uri-component": {
      "version": "0.2.0",
      "resolved": "https://registry.npmmirror.com/decode-uri-component/-/decode-uri-component-0.2.0.tgz",
      "integrity": "sha512-hjf+xovcEn31w/EUYdTXQh/8smFL/dzYjohQGEIgjyNavaJfBY2p5F527Bo1VPATxv0VYTUC2bOcXvqFwk78Og=="
    },
    "filter-obj": {
      "version": "1.1.0",
      "resolved": "https://registry.npmmirror.com/filter-obj/-/filter-obj-1.1.0.tgz",
      "integrity": "sha512-8rXg1ZnX7xzy2NGDVkBVaAy+lSlPNwad13BtgSlLuxfIslyt5Vg64U7tFcCt4WS1R0hvtnQybT/IyCkGZ3DpXQ=="
    },
    "query-string": {
      "version": "6.14.1",
      "resolved": "https://registry.npmmirror.com/query-string/-/query-string-6.14.1.tgz",
      "integrity": "sha512-XDxAeVmpfu1/6IjyT/gXHOl+S0vQ9owggJ30hhWKdHAsNPOcasn5o9BW0eejZqL2e4vMjhAxoW3jVHcD6mbcYw==",
      "requires": {
        "decode-uri-component": "^0.2.0",
        "filter-obj": "^1.1.0",
        "split-on-first": "^1.0.0",
        "strict-uri-encode": "^2.0.0"
      }
    },
    "split-on-first": {
      "version": "1.1.0",
      "resolved": "https://registry.npmmirror.com/split-on-first/-/split-on-first-1.1.0.tgz",
      "integrity": "sha512-43ZssAJaMusuKWL8sKUBQXHWOpq8d6CfN/u1p4gUzfJkM05C8rxTmYrkIPTXapZpORA6LkkzcUulJ8FqA7Uudw=="
    },
    "strict-uri-encode": {
      "version": "2.0.0",
      "resolved": "https://registry.npmmirror.com/strict-uri-encode/-/strict-uri-encode-2.0.0.tgz",
      "integrity": "sha512-QwiXZgpRcKkhTj2Scnn++4PKtWsH0kpzZ62L2R6c/LUVYv7hVnZqcg2+sMuT6R7Jusu1vviK/MFsu6kNJfWlEQ=="
    },
    "uni-read-pages": {
      "version": "1.0.5",
      "resolved": "https://registry.npmmirror.com/uni-read-pages/-/uni-read-pages-1.0.5.tgz",
      "integrity": "sha512-GkrrZ0LX0vn9R5k6RKEi0Ez3Q3e2vUpjXQ8Z6/K/d28KudI9ajqgt8WEjQFlG5EPm1K6uTArN8LlqmZTEixDUA=="
    },
    "uni-simple-router": {
      "version": "1.5.5",
      "resolved": "https://registry.npmmirror.com/uni-simple-router/-/uni-simple-router-1.5.5.tgz",
      "integrity": "sha512-VjBnwhvmWYHVNsj2zcPjYBwb9TqG7miR87qLBBLI4gHOnJVYmCyjZK/bj06f9slvTMbWXrze7LJ9/Hi/8DB0ag==",
      "requires": {
        "query-string": "^6.12.1"
      }
    },
    "uview-ui": {
      "version": "2.0.27",
      "resolved": "https://registry.npmmirror.com/uview-ui/-/uview-ui-2.0.27.tgz",
      "integrity": "sha512-fl35rlguNPfXnwNoVv0w4zS1blFFxxSPuGR1+9SbpFGC33aiTBaoFWs/4Fppj0foS/kDCqSWcJiymNmQjPBD4g=="
    }
  }
}
